// !$*UTF8*$!
{
	archiveVersion = 1;
	classes = {
	};
	objectVersion = 77;
	objects = {

/* Begin PBXBuildFile section */
		813DCF4B2F2EBF1F00A409D3 /* strategy.cpp in Sources */ = {isa = PBXBuildFile; fileRef = 813DCF4A2F2EBF1700A409D3 /* strategy.cpp */; };
		81A8C4ED2F22E47D003F255A /* MarketSimulator.cpp in Sources */ = {isa = PBXBuildFile; fileRef = 81A8C4D02F22E47D003F255A /* MarketSimulator.cpp */; };
		81A8C4EE2F22E47D003F255A /* main.cpp in Sources */ = {isa = PBXBuildFile; fileRef = 81A8C4CF2F22E47D003F255A /* main.cpp */; };
/* End PBXBuildFile section */

/* Begin PBXCopyFilesBuildPhase section */
		81B6077A2F105B64003A6903 /* CopyFiles */ = {
			isa = PBXCopyFilesBuildPhase;
			buildActionMask = 2147483647;
			dstPath = /usr/share/man/man1/;
			dstSubfolderSpec = 0;
			files = (
			);
			runOnlyForDeploymentPostprocessing = 1;
		};
/* End PBXCopyFilesBuildPhase section */

/* Begin PBXFileReference section */
		813DCF4A2F2EBF1700A409D3 /* strategy.cpp */ = {isa = PBXFileReference; lastKnownFileType = sourcecode.cpp.cpp; path = strategy.cpp; sourceTree = "<group>"; };
		81A8C4C82F22E47D003F255A /* config.hpp */ = {isa = PBXFileReference; lastKnownFileType = sourcecode.cpp.h; path = config.hpp; sourceTree = "<group>"; };
		81A8C4C92F22E47D003F255A /* MarketSimulator.hpp */ = {isa = PBXFileReference; lastKnownFileType = sourcecode.cpp.h; path = MarketSimulator.hpp; sourceTree = "<group>"; };
		81A8C4CB2F22E47D003F255A /* PriceSeries.hpp */ = {isa = PBXFileReference; lastKnownFileType = sourcecode.cpp.h; path = PriceSeries.hpp; sourceTree = "<group>"; };
		81A8C4CD2F22E47D003F255A /* json.hpp */ = {isa = PBXFileReference; lastKnownFileType = sourcecode.cpp.h; path = json.hpp; sourceTree = "<group>"; };
		81A8C4CF2F22E47D003F255A /* main.cpp */ = {isa = PBXFileReference; lastKnownFileType = sourcecode.cpp.cpp; path = main.cpp; sourceTree = "<group>"; };
		81A8C4D02F22E47D003F255A /* MarketSimulator.cpp */ = {isa = PBXFileReference; lastKnownFileType = sourcecode.cpp.cpp; path = MarketSimulator.cpp; sourceTree = "<group>"; };
		81A8C4D32F22E47D003F255A /* engine.exe */ = {isa = PBXFileReference; lastKnownFileType = file; path = engine.exe; sourceTree = "<group>"; };
		81A8C4D42F22E47D003F255A /* input.json */ = {isa = PBXFileReference; lastKnownFileType = text.json; path = input.json; sourceTree = "<group>"; };
		81A8C4D62F22E47D003F255A /* app.py */ = {isa = PBXFileReference; lastKnownFileType = text.script.python; path = app.py; sourceTree = "<group>"; };
		81A8C4D72F22E47D003F255A /* input.json */ = {isa = PBXFileReference; lastKnownFileType = text.json; path = input.json; sourceTree = "<group>"; };
		81A8C4D82F22E47D003F255A /* mockOutput.json */ = {isa = PBXFileReference; lastKnownFileType = text.json; path = mockOutput.json; sourceTree = "<group>"; };
		81A8C4D92F22E47D003F255A /* output.json */ = {isa = PBXFileReference; lastKnownFileType = text.json; path = output.json; sourceTree = "<group>"; };
		81A8C4DB2F22E47D003F255A /* vite.svg */ = {isa = PBXFileReference; lastKnownFileType = text; path = vite.svg; sourceTree = "<group>"; };
		81A8C4DD2F22E47D003F255A /* react.svg */ = {isa = PBXFileReference; lastKnownFileType = text; path = react.svg; sourceTree = "<group>"; };
		81A8C4DF2F22E47D003F255A /* App.css */ = {isa = PBXFileReference; lastKnownFileType = text.css; path = App.css; sourceTree = "<group>"; };
		81A8C4E02F22E47D003F255A /* App.jsx */ = {isa = PBXFileReference; lastKnownFileType = text; path = App.jsx; sourceTree = "<group>"; };
		81A8C4E12F22E47D003F255A /* index.css */ = {isa = PBXFileReference; lastKnownFileType = text.css; path = index.css; sourceTree = "<group>"; };
		81A8C4E22F22E47D003F255A /* main.jsx */ = {isa = PBXFileReference; lastKnownFileType = text; path = main.jsx; sourceTree = "<group>"; };
		81A8C4E32F22E47D003F255A /* styles.css */ = {isa = PBXFileReference; lastKnownFileType = text.css; path = styles.css; sourceTree = "<group>"; };
		81A8C4E52F22E47D003F255A /* .gitignore */ = {isa = PBXFileReference; lastKnownFileType = text; path = .gitignore; sourceTree = "<group>"; };
		81A8C4E62F22E47D003F255A /* eslint.config.js */ = {isa = PBXFileReference; lastKnownFileType = sourcecode.javascript; path = eslint.config.js; sourceTree = "<group>"; };
		81A8C4E72F22E47D003F255A /* index.html */ = {isa = PBXFileReference; lastKnownFileType = text.html; path = index.html; sourceTree = "<group>"; };
		81A8C4E82F22E47D003F255A /* package.json */ = {isa = PBXFileReference; lastKnownFileType = text.json; path = package.json; sourceTree = "<group>"; };
		81A8C4E92F22E47D003F255A /* package-lock.json */ = {isa = PBXFileReference; lastKnownFileType = text.json; path = "package-lock.json"; sourceTree = "<group>"; };
		81A8C4EA2F22E47D003F255A /* README.md */ = {isa = PBXFileReference; lastKnownFileType = net.daringfireball.markdown; path = README.md; sourceTree = "<group>"; };
		81A8C4EB2F22E47D003F255A /* vite.config.js */ = {isa = PBXFileReference; lastKnownFileType = sourcecode.javascript; path = vite.config.js; sourceTree = "<group>"; };
		81A8C4F02F22E6C7003F255A /* strategy.hpp */ = {isa = PBXFileReference; lastKnownFileType = sourcecode.cpp.h; path = strategy.hpp; sourceTree = "<group>"; };
		81B6077C2F105B64003A6903 /* Engine */ = {isa = PBXFileReference; explicitFileType = "compiled.mach-o.executable"; includeInIndex = 0; path = Engine; sourceTree = BUILT_PRODUCTS_DIR; };
/* End PBXFileReference section */

/* Begin PBXFrameworksBuildPhase section */
		81B607792F105B64003A6903 /* Frameworks */ = {
			isa = PBXFrameworksBuildPhase;
			buildActionMask = 2147483647;
			files = (
			);
			runOnlyForDeploymentPostprocessing = 0;
		};
/* End PBXFrameworksBuildPhase section */

/* Begin PBXGroup section */
		81A8C4CC2F22E47D003F255A /* include */ = {
			isa = PBXGroup;
			children = (
				81A8C4F02F22E6C7003F255A /* strategy.hpp */,
				81A8C4C82F22E47D003F255A /* config.hpp */,
				81A8C4C92F22E47D003F255A /* MarketSimulator.hpp */,
				81A8C4CB2F22E47D003F255A /* PriceSeries.hpp */,
			);
			path = include;
			sourceTree = "<group>";
		};
		81A8C4CE2F22E47D003F255A /* json */ = {
			isa = PBXGroup;
			children = (
				81A8C4CD2F22E47D003F255A /* json.hpp */,
			);
			path = json;
			sourceTree = "<group>";
		};
		81A8C4D22F22E47D003F255A /* source */ = {
			isa = PBXGroup;
			children = (
				813DCF4A2F2EBF1700A409D3 /* strategy.cpp */,
				81A8C4CF2F22E47D003F255A /* main.cpp */,
				81A8C4D02F22E47D003F255A /* MarketSimulator.cpp */,
			);
			path = source;
			sourceTree = "<group>";
		};
		81A8C4D52F22E47D003F255A /* Engine */ = {
			isa = PBXGroup;
			children = (
				81A8C4CC2F22E47D003F255A /* include */,
				81A8C4CE2F22E47D003F255A /* json */,
				81A8C4D22F22E47D003F255A /* source */,
				81A8C4D32F22E47D003F255A /* engine.exe */,
				81A8C4D42F22E47D003F255A /* input.json */,
			);
			path = Engine;
			sourceTree = "<group>";
		};
		81A8C4DA2F22E47D003F255A /* backend */ = {
			isa = PBXGroup;
			children = (
				81A8C4D52F22E47D003F255A /* Engine */,
				81A8C4D62F22E47D003F255A /* app.py */,
				81A8C4D72F22E47D003F255A /* input.json */,
				81A8C4D82F22E47D003F255A /* mockOutput.json */,
				81A8C4D92F22E47D003F255A /* output.json */,
			);
			path = backend;
			sourceTree = "<group>";
		};
		81A8C4DC2F22E47D003F255A /* public */ = {
			isa = PBXGroup;
			children = (
				81A8C4DB2F22E47D003F255A /* vite.svg */,
			);
			path = public;
			sourceTree = "<group>";
		};
		81A8C4DE2F22E47D003F255A /* assets */ = {
			isa = PBXGroup;
			children = (
				81A8C4DD2F22E47D003F255A /* react.svg */,
			);
			path = assets;
			sourceTree = "<group>";
		};
		81A8C4E42F22E47D003F255A /* src */ = {
			isa = PBXGroup;
			children = (
				81A8C4DE2F22E47D003F255A /* assets */,
				81A8C4DF2F22E47D003F255A /* App.css */,
				81A8C4E02F22E47D003F255A /* App.jsx */,
				81A8C4E12F22E47D003F255A /* index.css */,
				81A8C4E22F22E47D003F255A /* main.jsx */,
				81A8C4E32F22E47D003F255A /* styles.css */,
			);
			path = src;
			sourceTree = "<group>";
		};
		81A8C4EC2F22E47D003F255A /* frontend */ = {
			isa = PBXGroup;
			children = (
				81A8C4DC2F22E47D003F255A /* public */,
				81A8C4E42F22E47D003F255A /* src */,
				81A8C4E52F22E47D003F255A /* .gitignore */,
				81A8C4E62F22E47D003F255A /* eslint.config.js */,
				81A8C4E72F22E47D003F255A /* index.html */,
				81A8C4E82F22E47D003F255A /* package.json */,
				81A8C4E92F22E47D003F255A /* package-lock.json */,
				81A8C4EA2F22E47D003F255A /* README.md */,
				81A8C4EB2F22E47D003F255A /* vite.config.js */,
			);
			path = frontend;
			sourceTree = "<group>";
		};
		81B607732F105B64003A6903 = {
			isa = PBXGroup;
			children = (
				81A8C4DA2F22E47D003F255A /* backend */,
				81A8C4EC2F22E47D003F255A /* frontend */,
				81B6077D2F105B64003A6903 /* Products */,
			);
			sourceTree = "<group>";
		};
		81B6077D2F105B64003A6903 /* Products */ = {
			isa = PBXGroup;
			children = (
				81B6077C2F105B64003A6903 /* Engine */,
			);
			name = Products;
			sourceTree = "<group>";
		};
/* End PBXGroup section */

/* Begin PBXNativeTarget section */
		81B6077B2F105B64003A6903 /* Engine */ = {
			isa = PBXNativeTarget;
			buildConfigurationList = 81B607832F105B64003A6903 /* Build configuration list for PBXNativeTarget "Engine" */;
			buildPhases = (
				81B607782F105B64003A6903 /* Sources */,
				81B607792F105B64003A6903 /* Frameworks */,
				81B6077A2F105B64003A6903 /* CopyFiles */,
			);
			buildRules = (
			);
			dependencies = (
			);
			name = Engine;
			packageProductDependencies = (
			);
			productName = Engine;
			productReference = 81B6077C2F105B64003A6903 /* Engine */;
			productType = "com.apple.product-type.tool";
		};
/* End PBXNativeTarget section */

/* Begin PBXProject section */
		81B607742F105B64003A6903 /* Project object */ = {
			isa = PBXProject;
			attributes = {
				BuildIndependentTargetsInParallel = 1;
				LastSwiftUpdateCheck = 1640;
				LastUpgradeCheck = 1640;
				TargetAttributes = {
					81B6077B2F105B64003A6903 = {
						CreatedOnToolsVersion = 16.4;
						LastSwiftMigration = 1640;
					};
				};
			};
			buildConfigurationList = 81B607772F105B64003A6903 /* Build configuration list for PBXProject "Engine" */;
			developmentRegion = en;
			hasScannedForEncodings = 0;
			knownRegions = (
				en,
				Base,
			);
			mainGroup = 81B607732F105B64003A6903;
			minimizedProjectReferenceProxies = 1;
			preferredProjectObjectVersion = 77;
			productRefGroup = 81B6077D2F105B64003A6903 /* Products */;
			projectDirPath = "";
			projectRoot = "";
			targets = (
				81B6077B2F105B64003A6903 /* Engine */,
			);
		};
/* End PBXProject section */

/* Begin PBXSourcesBuildPhase section */
		81B607782F105B64003A6903 /* Sources */ = {
			isa = PBXSourcesBuildPhase;
			buildActionMask = 2147483647;
			files = (
				81A8C4ED2F22E47D003F255A /* MarketSimulator.cpp in Sources */,
				81A8C4EE2F22E47D003F255A /* main.cpp in Sources */,
				813DCF4B2F2EBF1F00A409D3 /* strategy.cpp in Sources */,
			);
			runOnlyForDeploymentPostprocessing = 0;
		};
/* End PBXSourcesBuildPhase section */

/* Begin XCBuildConfiguration section */
		81B607812F105B64003A6903 /* Debug */ = {
			isa = XCBuildConfiguration;
			buildSettings = {
				ALWAYS_SEARCH_USER_PATHS = NO;
				ASSETCATALOG_COMPILER_GENERATE_SWIFT_ASSET_SYMBOL_EXTENSIONS = YES;
				CLANG_ANALYZER_NONNULL = YES;
				CLANG_ANALYZER_NUMBER_OBJECT_CONVERSION = YES_AGGRESSIVE;
				CLANG_CXX_LANGUAGE_STANDARD = "gnu++20";
				CLANG_ENABLE_MODULES = YES;
				CLANG_ENABLE_OBJC_ARC = YES;
				CLANG_ENABLE_OBJC_WEAK = YES;
				CLANG_WARN_BLOCK_CAPTURE_AUTORELEASING = YES;
				CLANG_WARN_BOOL_CONVERSION = YES;
				CLANG_WARN_COMMA = YES;
				CLANG_WARN_CONSTANT_CONVERSION = YES;
				CLANG_WARN_DEPRECATED_OBJC_IMPLEMENTATIONS = YES;
				CLANG_WARN_DIRECT_OBJC_ISA_USAGE = YES_ERROR;
				CLANG_WARN_DOCUMENTATION_COMMENTS = YES;
				CLANG_WARN_EMPTY_BODY = YES;
				CLANG_WARN_ENUM_CONVERSION = YES;
				CLANG_WARN_INFINITE_RECURSION = YES;
				CLANG_WARN_INT_CONVERSION = YES;
				CLANG_WARN_NON_LITERAL_NULL_CONVERSION = YES;
				CLANG_WARN_OBJC_IMPLICIT_RETAIN_SELF = YES;
				CLANG_WARN_OBJC_LITERAL_CONVERSION = YES;
				CLANG_WARN_OBJC_ROOT_CLASS = YES_ERROR;
				CLANG_WARN_QUOTED_INCLUDE_IN_FRAMEWORK_HEADER = YES;
				CLANG_WARN_RANGE_LOOP_ANALYSIS = YES;
				CLANG_WARN_STRICT_PROTOTYPES = YES;
				CLANG_WARN_SUSPICIOUS_MOVE = YES;
				CLANG_WARN_UNGUARDED_AVAILABILITY = YES_AGGRESSIVE;
				CLANG_WARN_UNREACHABLE_CODE = YES;
				CLANG_WARN__DUPLICATE_METHOD_MATCH = YES;
				COPY_PHASE_STRIP = NO;
				DEBUG_INFORMATION_FORMAT = dwarf;
				ENABLE_STRICT_OBJC_MSGSEND = YES;
				ENABLE_TESTABILITY = YES;
				ENABLE_USER_SCRIPT_SANDBOXING = YES;
				GCC_C_LANGUAGE_STANDARD = gnu17;
				GCC_DYNAMIC_NO_PIC = NO;
				GCC_NO_COMMON_BLOCKS = YES;
				GCC_OPTIMIZATION_LEVEL = 0;
				GCC_PREPROCESSOR_DEFINITIONS = (
					"DEBUG=1",
					"$(inherited)",
				);
				GCC_WARN_64_TO_32_BIT_CONVERSION = YES;
				GCC_WARN_ABOUT_RETURN_TYPE = YES_ERROR;
				GCC_WARN_UNDECLARED_SELECTOR = YES;
				GCC_WARN_UNINITIALIZED_AUTOS = YES_AGGRESSIVE;
				GCC_WARN_UNUSED_FUNCTION = YES;
				GCC_WARN_UNUSED_VARIABLE = YES;
				LOCALIZATION_PREFERS_STRING_CATALOGS = YES;
				MACOSX_DEPLOYMENT_TARGET = 15.3;
				MTL_ENABLE_DEBUG_INFO = INCLUDE_SOURCE;
				MTL_FAST_MATH = YES;
				ONLY_ACTIVE_ARCH = YES;
				SDKROOT = macosx;
				SWIFT_ACTIVE_COMPILATION_CONDITIONS = "DEBUG $(inherited)";
				SWIFT_OPTIMIZATION_LEVEL = "-Onone";
			};
			name = Debug;
		};
		81B607822F105B64003A6903 /* Release */ = {
			isa = XCBuildConfiguration;
			buildSettings = {
				ALWAYS_SEARCH_USER_PATHS = NO;
				ASSETCATALOG_COMPILER_GENERATE_SWIFT_ASSET_SYMBOL_EXTENSIONS = YES;
				CLANG_ANALYZER_NONNULL = YES;
				CLANG_ANALYZER_NUMBER_OBJECT_CONVERSION = YES_AGGRESSIVE;
				CLANG_CXX_LANGUAGE_STANDARD = "gnu++20";
				CLANG_ENABLE_MODULES = YES;
				CLANG_ENABLE_OBJC_ARC = YES;
				CLANG_ENABLE_OBJC_WEAK = YES;
				CLANG_WARN_BLOCK_CAPTURE_AUTORELEASING = YES;
				CLANG_WARN_BOOL_CONVERSION = YES;
				CLANG_WARN_COMMA = YES;
				CLANG_WARN_CONSTANT_CONVERSION = YES;
				CLANG_WARN_DEPRECATED_OBJC_IMPLEMENTATIONS = YES;
				CLANG_WARN_DIRECT_OBJC_ISA_USAGE = YES_ERROR;
				CLANG_WARN_DOCUMENTATION_COMMENTS = YES;
				CLANG_WARN_EMPTY_BODY = YES;
				CLANG_WARN_ENUM_CONVERSION = YES;
				CLANG_WARN_INFINITE_RECURSION = YES;
				CLANG_WARN_INT_CONVERSION = YES;
				CLANG_WARN_NON_LITERAL_NULL_CONVERSION = YES;
				CLANG_WARN_OBJC_IMPLICIT_RETAIN_SELF = YES;
				CLANG_WARN_OBJC_LITERAL_CONVERSION = YES;
				CLANG_WARN_OBJC_ROOT_CLASS = YES_ERROR;
				CLANG_WARN_QUOTED_INCLUDE_IN_FRAMEWORK_HEADER = YES;
				CLANG_WARN_RANGE_LOOP_ANALYSIS = YES;
				CLANG_WARN_STRICT_PROTOTYPES = YES;
				CLANG_WARN_SUSPICIOUS_MOVE = YES;
				CLANG_WARN_UNGUARDED_AVAILABILITY = YES_AGGRESSIVE;
				CLANG_WARN_UNREACHABLE_CODE = YES;
				CLANG_WARN__DUPLICATE_METHOD_MATCH = YES;
				COPY_PHASE_STRIP = NO;
				DEBUG_INFORMATION_FORMAT = "dwarf-with-dsym";
				ENABLE_NS_ASSERTIONS = NO;
				ENABLE_STRICT_OBJC_MSGSEND = YES;
				ENABLE_USER_SCRIPT_SANDBOXING = YES;
				GCC_C_LANGUAGE_STANDARD = gnu17;
				GCC_NO_COMMON_BLOCKS = YES;
				GCC_WARN_64_TO_32_BIT_CONVERSION = YES;
				GCC_WARN_ABOUT_RETURN_TYPE = YES_ERROR;
				GCC_WARN_UNDECLARED_SELECTOR = YES;
				GCC_WARN_UNINITIALIZED_AUTOS = YES_AGGRESSIVE;
				GCC_WARN_UNUSED_FUNCTION = YES;
				GCC_WARN_UNUSED_VARIABLE = YES;
				LOCALIZATION_PREFERS_STRING_CATALOGS = YES;
				MACOSX_DEPLOYMENT_TARGET = 15.3;
				MTL_ENABLE_DEBUG_INFO = NO;
				MTL_FAST_MATH = YES;
				SDKROOT = macosx;
				SWIFT_COMPILATION_MODE = wholemodule;
			};
			name = Release;
		};
		81B607842F105B64003A6903 /* Debug */ = {
			isa = XCBuildConfiguration;
			buildSettings = {
				CLANG_ENABLE_MODULES = YES;
				CODE_SIGN_STYLE = Automatic;
				PRODUCT_NAME = "$(TARGET_NAME)";
				SWIFT_OPTIMIZATION_LEVEL = "-Onone";
				SWIFT_VERSION = 5.0;
			};
			name = Debug;
		};
		81B607852F105B64003A6903 /* Release */ = {
			isa = XCBuildConfiguration;
			buildSettings = {
				CLANG_ENABLE_MODULES = YES;
				CODE_SIGN_STYLE = Automatic;
				PRODUCT_NAME = "$(TARGET_NAME)";
				SWIFT_VERSION = 5.0;
			};
			name = Release;
		};
/* End XCBuildConfiguration section */

/* Begin XCConfigurationList section */
		81B607772F105B64003A6903 /* Build configuration list for PBXProject "Engine" */ = {
			isa = XCConfigurationList;
			buildConfigurations = (
				81B607812F105B64003A6903 /* Debug */,
				81B607822F105B64003A6903 /* Release */,
			);
			defaultConfigurationIsVisible = 0;
			defaultConfigurationName = Release;
		};
		81B607832F105B64003A6903 /* Build configuration list for PBXNativeTarget "Engine" */ = {
			isa = XCConfigurationList;
			buildConfigurations = (
				81B607842F105B64003A6903 /* Debug */,
				81B607852F105B64003A6903 /* Release */,
			);
			defaultConfigurationIsVisible = 0;
			defaultConfigurationName = Release;
		};
/* End XCConfigurationList section */
	};
	rootObject = 81B607742F105B64003A6903 /* Project object */;
}
